# This file was autogenerated by uv via the following command:
#    uv pip compile requirements.txt --python-version 3.13 -o requirements.lock
hypothesis==6.155.7
    # via -r requirements.txt
iniconfig==2.3.0
    # via pytest
packaging==26.2
    # via pytest
pluggy==1.6.0
    # via pytest
pydot==4.0.1
    # via -r requirements.txt
pygments==2.20.0
    # via pytest
pyparsing==3.3.2
    # via pydot
pytest==9.1.1
    # via
    #   -r requirements.txt
    #   pytest-timeout
pytest-timeout==2.4.0
    # via -r requirements.txt
pyyaml==6.0.3
    # via -r requirements.txt
sortedcontainers==2.4.0
    # via hypothesis
